PODS:
  - Kingfisher (7.2.0)
  - PKHUD (5.3.0)
  - SwiftKeychainWrapper (3.0.1)

DEPENDENCIES:
  - Kingfisher (~> 7.0)
  - PKHUD (~> 5.0)
  - SwiftKeychainWrapper (~> 3.0.1)

SPEC REPOS:
  trunk:
    - Kingfisher
    - PKHUD
    - SwiftKeychainWrapper

SPEC CHECKSUMS:
  Kingfisher: 3ac0b75b155cabc0e544877d1a4deea29feece92
  PKHUD: 98f3e4bc904b9c916f1c5bb6d765365b5357291b
  SwiftKeychainWrapper: 38952a3636320ae61bad3513cadd870929de7a4a

PODFILE CHECKSUM: a99d113c021888baa53a772e8a09d379f3700864

COCOAPODS: 1.11.2
